# -------------------------------------------------------------------------- #
#
# Copyright (C) 1991-2009 Altera Corporation
# Your use of Altera Corporation's design tools, logic functions 
# and other software and tools, and its AMPP partner logic 
# functions, and any output files from any of the foregoing 
# (including device programming or simulation files), and any 
# associated documentation or information are expressly subject 
# to the terms and conditions of the Altera Program License 
# Subscription Agreement, Altera MegaCore Function License 
# Agreement, or other applicable license agreement, including, 
# without limitation, that your use is for the sole purpose of 
# programming logic devices manufactured by Altera and sold by 
# Altera or its authorized distributors.  Please refer to the 
# applicable agreement for further details.
#
# -------------------------------------------------------------------------- #
#
# Quartus II
# Version 9.1 Build 222 10/21/2009 SJ Full Version
# Date created = 09:43:55  June 03, 2013
#
# -------------------------------------------------------------------------- #
#
# Notes:
#
# 1) The default values for assignments are stored in the file:
#		Electric_bend_assignment_defaults.qdf
#    If this file doesn't exist, see file:
#		assignment_defaults.qdf
#
# 2) Altera recommends that you do not modify this file. This
#    file is updated automatically by the Quartus II software
#    and any changes you make may be lost or overwritten.
#
# -------------------------------------------------------------------------- #


set_global_assignment -name FAMILY "MAX II"
set_global_assignment -name DEVICE EPM1270T144C5
set_global_assignment -name TOP_LEVEL_ENTITY Electric_bend
set_global_assignment -name ORIGINAL_QUARTUS_VERSION 9.1
set_global_assignment -name PROJECT_CREATION_TIME_DATE "09:43:55  JUNE 03, 2013"
set_global_assignment -name LAST_QUARTUS_VERSION 9.1
set_global_assignment -name USE_GENERATED_PHYSICAL_CONSTRAINTS OFF -section_id eda_blast_fpga
set_global_assignment -name DEVICE_FILTER_PACKAGE TQFP
set_global_assignment -name DEVICE_FILTER_PIN_COUNT 144
set_global_assignment -name DEVICE_FILTER_SPEED_GRADE 5
set_global_assignment -name MIN_CORE_JUNCTION_TEMP 0
set_global_assignment -name MAX_CORE_JUNCTION_TEMP 85
set_global_assignment -name POWER_EXT_SUPPLY_VOLTAGE_TO_REGULATOR 3.3V
set_global_assignment -name AUTO_RESTART_CONFIGURATION OFF
set_global_assignment -name USE_CONFIGURATION_DEVICE ON
set_global_assignment -name RESERVE_ALL_UNUSED_PINS "AS INPUT TRI-STATED"
set_global_assignment -name LL_ROOT_REGION ON -section_id "Root Region"
set_global_assignment -name LL_MEMBER_STATE LOCKED -section_id "Root Region"
set_global_assignment -name RESERVE_ALL_UNUSED_PINS_NO_OUTPUT_GND "AS INPUT TRI-STATED"
set_global_assignment -name VERILOG_FILE ../src/MOTOR_CONTROL.v
set_global_assignment -name VERILOG_FILE ../src/Electric_bend.v
set_global_assignment -name VERILOG_FILE ../src/PWM.v
set_global_assignment -name MISC_FILE "G:/WD/Verilog/Electric_bend/dev/Electric_bend.dpf"
set_global_assignment -name STRATIX_DEVICE_IO_STANDARD "3.3-V LVTTL"
set_location_assignment PIN_91 -to CLK
set_location_assignment PIN_95 -to M1_BR
set_location_assignment PIN_104 -to M1_DIAG
set_location_assignment PIN_102 -to M1_EN
set_location_assignment PIN_101 -to M1_FWDREV
set_location_assignment PIN_107 -to M1_H1
set_location_assignment PIN_105 -to M1_H2
set_location_assignment PIN_106 -to M1_H3
set_location_assignment PIN_86 -to M1_IS
set_location_assignment PIN_113 -to M1_LI
set_location_assignment PIN_98 -to M1_PWM
set_location_assignment PIN_103 -to M1_TACHO
set_location_assignment PIN_87 -to M1_PWR
set_location_assignment PIN_39 -to FSMC_A[3]
set_location_assignment PIN_40 -to FSMC_A[2]
set_location_assignment PIN_41 -to FSMC_A[1]
set_location_assignment PIN_42 -to FSMC_A[0]
set_location_assignment PIN_72 -to FSMC_D[7]
set_location_assignment PIN_71 -to FSMC_D[6]
set_location_assignment PIN_68 -to FSMC_D[5]
set_location_assignment PIN_67 -to FSMC_D[4]
set_location_assignment PIN_51 -to FSMC_D[3]
set_location_assignment PIN_52 -to FSMC_D[2]
set_location_assignment PIN_69 -to FSMC_D[1]
set_location_assignment PIN_70 -to FSMC_D[0]
set_location_assignment PIN_50 -to FSMC_NOE
set_location_assignment PIN_49 -to FSMC_NWE
set_location_assignment PIN_141 -to led2
set_location_assignment PIN_1 -to led3
set_location_assignment PIN_144 -to led1
set_location_assignment PIN_73 -to M2_BR
set_location_assignment PIN_78 -to M2_DIAG
set_location_assignment PIN_74 -to M2_EN
set_location_assignment PIN_75 -to M2_FWDREV
set_location_assignment PIN_81 -to M2_H1
set_location_assignment PIN_79 -to M2_H2
set_location_assignment PIN_80 -to M2_H3
set_location_assignment PIN_85 -to M2_IS
set_location_assignment PIN_114 -to M2_LI
set_location_assignment PIN_76 -to M2_PWM
set_location_assignment PIN_84 -to M2_PWR
set_location_assignment PIN_77 -to M2_TACHO
set_location_assignment PIN_109 -to M3_BR
set_location_assignment PIN_119 -to M3_DIAG
set_location_assignment PIN_110 -to M3_EN
set_location_assignment PIN_111 -to M3_FWDREV
set_location_assignment PIN_122 -to M3_H1
set_location_assignment PIN_120 -to M3_H2
set_location_assignment PIN_121 -to M3_H3
set_location_assignment PIN_125 -to M3_IS
set_location_assignment PIN_117 -to M3_LI
set_location_assignment PIN_112 -to M3_PWM
set_location_assignment PIN_127 -to M3_PWR
set_location_assignment PIN_118 -to M3_TACHO
set_location_assignment PIN_38 -to FSMC_A[4]
set_location_assignment PIN_48 -to FSMC_NE1
set_instance_assignment -name IO_STANDARD "3.3V SCHMITT TRIGGER INPUT" -to M1_H1
set_global_assignment -name VERILOG_FILE ../src/MOTOR_FEEDBACK.v
set_location_assignment PIN_53 -to M1_SPEED
set_location_assignment PIN_43 -to M2_SPEED
set_location_assignment PIN_44 -to M3_SPEED
set_instance_assignment -name IO_STANDARD "3.3V SCHMITT TRIGGER INPUT" -to M2_H1
set_instance_assignment -name IO_STANDARD "3.3V SCHMITT TRIGGER INPUT" -to M1_H2
set_instance_assignment -name IO_STANDARD "3.3V SCHMITT TRIGGER INPUT" -to M1_H3
set_instance_assignment -name IO_STANDARD "3.3V SCHMITT TRIGGER INPUT" -to M2_H2
set_instance_assignment -name IO_STANDARD "3.3V SCHMITT TRIGGER INPUT" -to M2_H3
set_instance_assignment -name IO_STANDARD "3.3V SCHMITT TRIGGER INPUT" -to M1_LI
set_instance_assignment -name IO_STANDARD "3.3V SCHMITT TRIGGER INPUT" -to M2_LI
set_instance_assignment -name IO_STANDARD "3.3V SCHMITT TRIGGER INPUT" -to M3_LI